
Microsoft Visual Studio Solution File, Format Version 12.00
# Visual Studio 15
VisualStudioVersion = 15.0.27703.2047
MinimumVisualStudioVersion = 10.0.40219.1
Project("{FAE04EC0-301F-11D3-BF4B-00C04F79EFBC}") = "TestForms", "TestForms\TestForms.csproj", "{202FFC18-A6E5-41E8-8F09-BC64F5CC6F2E}"
EndProject
Global
	GlobalSection(SolutionConfigurationPlatforms) = preSolution
		Debug|Any CPU = Debug|Any CPU
		Release|Any CPU = Release|Any CPU
	EndGlobalSection
	GlobalSection(ProjectConfigurationPlatforms) = postSolution
		{202FFC18-A6E5-41E8-8F09-BC64F5CC6F2E}.Debug|Any CPU.ActiveCfg = Debug|Any CPU
		{202FFC18-A6E5-41E8-8F09-BC64F5CC6F2E}.Debug|Any CPU.Build.0 = Debug|Any CPU
		{202FFC18-A6E5-41E8-8F09-BC64F5CC6F2E}.Release|Any CPU.ActiveCfg = Release|Any CPU
		{202FFC18-A6E5-41E8-8F09-BC64F5CC6F2E}.Release|Any CPU.Build.0 = Release|Any CPU
	EndGlobalSection
	GlobalSection(SolutionProperties) = preSolution
		HideSolutionNode = FALSE
	EndGlobalSection
	GlobalSection(ExtensibilityGlobals) = postSolution
		SolutionGuid = {87D1EA09-A4F3-47B7-96F9-8E39AC78B921}
	EndGlobalSection
EndGlobal
